
Microsoft Visual Studio Solution File, Format Version 12.00
# Visual Studio 15
VisualStudioVersion = 15.0.28307.852
MinimumVisualStudioVersion = 10.0.40219.1
Project("{FAE04EC0-301F-11D3-BF4B-00C04F79EFBC}") = "Lands.Android", "Lands\Lands.Android\Lands.Android.csproj", "{0BE41C57-F54F-4AEC-8BFB-D8B7043F5A70}"
EndProject
Project("{FAE04EC0-301F-11D3-BF4B-00C04F79EFBC}") = "Lands.iOS", "Lands\Lands.iOS\Lands.iOS.csproj", "{322B9FB3-ECAB-4100-8D2E-91BE962D6B61}"
EndProject
Project("{9A19103F-16F7-4668-BE54-9A1E7A4F7556}") = "Lands", "Lands\Lands\Lands.csproj", "{4888DF67-B7D7-4C37-A9A4-FE2ED008EA82}"
EndProject
Project("{FAE04EC0-301F-11D3-BF4B-00C04F79EFBC}") = "Lands.Domain", "Lands.Domain\Lands.Domain.csproj", "{DDE0843A-DF9C-4DB7-9EDA-51F6393A6E1D}"
EndProject
Project("{FAE04EC0-301F-11D3-BF4B-00C04F79EFBC}") = "Lands.Backend", "Lands.Backend\Lands.Backend.csproj", "{23672A27-7660-469C-9686-2245CAF2487F}"
EndProject
Project("{FAE04EC0-301F-11D3-BF4B-00C04F79EFBC}") = "Lands.API", "Lands.API\Lands.API.csproj", "{C6506D39-CCB4-43BA-86AB-AAB090C226DD}"
EndProject
Global
	GlobalSection(SolutionConfigurationPlatforms) = preSolution
		Ad-Hoc|Any CPU = Ad-Hoc|Any CPU
		Ad-Hoc|iPhone = Ad-Hoc|iPhone
		Ad-Hoc|iPhoneSimulator = Ad-Hoc|iPhoneSimulator
		AppStore|Any CPU = AppStore|Any CPU
		AppStore|iPhone = AppStore|iPhone
		AppStore|iPhoneSimulator = AppStore|iPhoneSimulator
		Debug|Any CPU = Debug|Any CPU
		Debug|iPhone = Debug|iPhone
		Debug|iPhoneSimulator = Debug|iPhoneSimulator
		Release|Any CPU = Release|Any CPU
		Release|iPhone = Release|iPhone
		Release|iPhoneSimulator = Release|iPhoneSimulator
	EndGlobalSection
	GlobalSection(ProjectConfigurationPlatforms) = postSolution
		{0BE41C57-F54F-4AEC-8BFB-D8B7043F5A70}.Ad-Hoc|Any CPU.ActiveCfg = Release|Any CPU
		{0BE41C57-F54F-4AEC-8BFB-D8B7043F5A70}.Ad-Hoc|Any CPU.Build.0 = Release|Any CPU
		{0BE41C57-F54F-4AEC-8BFB-D8B7043F5A70}.Ad-Hoc|Any CPU.Deploy.0 = Release|Any CPU
		{0BE41C57-F54F-4AEC-8BFB-D8B7043F5A70}.Ad-Hoc|iPhone.ActiveCfg = Release|Any CPU
		{0BE41C57-F54F-4AEC-8BFB-D8B7043F5A70}.Ad-Hoc|iPhone.Build.0 = Release|Any CPU
		{0BE41C57-F54F-4AEC-8BFB-D8B7043F5A70}.Ad-Hoc|iPhone.Deploy.0 = Release|Any CPU
		{0BE41C57-F54F-4AEC-8BFB-D8B7043F5A70}.Ad-Hoc|iPhoneSimulator.ActiveCfg = Release|Any CPU
		{0BE41C57-F54F-4AEC-8BFB-D8B7043F5A70}.Ad-Hoc|iPhoneSimulator.Build.0 = Release|Any CPU
		{0BE41C57-F54F-4AEC-8BFB-D8B7043F5A70}.Ad-Hoc|iPhoneSimulator.Deploy.0 = Release|Any CPU
		{0BE41C57-F54F-4AEC-8BFB-D8B7043F5A70}.AppStore|Any CPU.ActiveCfg = Release|Any CPU
		{0BE41C57-F54F-4AEC-8BFB-D8B7043F5A70}.AppStore|Any CPU.Build.0 = Release|Any CPU
		{0BE41C57-F54F-4AEC-8BFB-D8B7043F5A70}.AppStore|Any CPU.Deploy.0 = Release|Any CPU
		{0BE41C57-F54F-4AEC-8BFB-D8B7043F5A70}.AppStore|iPhone.ActiveCfg = Release|Any CPU
		{0BE41C57-F54F-4AEC-8BFB-D8B7043F5A70}.AppStore|iPhone.Build.0 = Release|Any CPU
		{0BE41C57-F54F-4AEC-8BFB-D8B7043F5A70}.AppStore|iPhone.Deploy.0 = Release|Any CPU
		{0BE41C57-F54F-4AEC-8BFB-D8B7043F5A70}.AppStore|iPhoneSimulator.ActiveCfg = Release|Any CPU
		{0BE41C57-F54F-4AEC-8BFB-D8B7043F5A70}.AppStore|iPhoneSimulator.Build.0 = Release|Any CPU
		{0BE41C57-F54F-4AEC-8BFB-D8B7043F5A70}.AppStore|iPhoneSimulator.Deploy.0 = Release|Any CPU
		{0BE41C57-F54F-4AEC-8BFB-D8B7043F5A70}.Debug|Any CPU.ActiveCfg = Debug|Any CPU
		{0BE41C57-F54F-4AEC-8BFB-D8B7043F5A70}.Debug|Any CPU.Build.0 = Debug|Any CPU
		{0BE41C57-F54F-4AEC-8BFB-D8B7043F5A70}.Debug|Any CPU.Deploy.0 = Debug|Any CPU
		{0BE41C57-F54F-4AEC-8BFB-D8B7043F5A70}.Debug|iPhone.ActiveCfg = Debug|Any CPU
		{0BE41C57-F54F-4AEC-8BFB-D8B7043F5A70}.Debug|iPhone.Build.0 = Debug|Any CPU
		{0BE41C57-F54F-4AEC-8BFB-D8B7043F5A70}.Debug|iPhone.Deploy.0 = Debug|Any CPU
		{0BE41C57-F54F-4AEC-8BFB-D8B7043F5A70}.Debug|iPhoneSimulator.ActiveCfg = Debug|Any CPU
		{0BE41C57-F54F-4AEC-8BFB-D8B7043F5A70}.Debug|iPhoneSimulator.Build.0 = Debug|Any CPU
		{0BE41C57-F54F-4AEC-8BFB-D8B7043F5A70}.Debug|iPhoneSimulator.Deploy.0 = Debug|Any CPU
		{0BE41C57-F54F-4AEC-8BFB-D8B7043F5A70}.Release|Any CPU.ActiveCfg = Release|Any CPU
		{0BE41C57-F54F-4AEC-8BFB-D8B7043F5A70}.Release|Any CPU.Build.0 = Release|Any CPU
		{0BE41C57-F54F-4AEC-8BFB-D8B7043F5A70}.Release|Any CPU.Deploy.0 = Release|Any CPU
		{0BE41C57-F54F-4AEC-8BFB-D8B7043F5A70}.Release|iPhone.ActiveCfg = Release|Any CPU
		{0BE41C57-F54F-4AEC-8BFB-D8B7043F5A70}.Release|iPhone.Build.0 = Release|Any CPU
		{0BE41C57-F54F-4AEC-8BFB-D8B7043F5A70}.Release|iPhone.Deploy.0 = Release|Any CPU
		{0BE41C57-F54F-4AEC-8BFB-D8B7043F5A70}.Release|iPhoneSimulator.ActiveCfg = Release|Any CPU
		{0BE41C57-F54F-4AEC-8BFB-D8B7043F5A70}.Release|iPhoneSimulator.Build.0 = Release|Any CPU
		{0BE41C57-F54F-4AEC-8BFB-D8B7043F5A70}.Release|iPhoneSimulator.Deploy.0 = Release|Any CPU
		{322B9FB3-ECAB-4100-8D2E-91BE962D6B61}.Ad-Hoc|Any CPU.ActiveCfg = Ad-Hoc|iPhone
		{322B9FB3-ECAB-4100-8D2E-91BE962D6B61}.Ad-Hoc|Any CPU.Build.0 = Ad-Hoc|iPhone
		{322B9FB3-ECAB-4100-8D2E-91BE962D6B61}.Ad-Hoc|Any CPU.Deploy.0 = Ad-Hoc|iPhone
		{322B9FB3-ECAB-4100-8D2E-91BE962D6B61}.Ad-Hoc|iPhone.ActiveCfg = Ad-Hoc|iPhone
		{322B9FB3-ECAB-4100-8D2E-91BE962D6B61}.Ad-Hoc|iPhone.Build.0 = Ad-Hoc|iPhone
		{322B9FB3-ECAB-4100-8D2E-91BE962D6B61}.Ad-Hoc|iPhone.Deploy.0 = Ad-Hoc|iPhone
		{322B9FB3-ECAB-4100-8D2E-91BE962D6B61}.Ad-Hoc|iPhoneSimulator.ActiveCfg = Ad-Hoc|iPhoneSimulator
		{322B9FB3-ECAB-4100-8D2E-91BE962D6B61}.Ad-Hoc|iPhoneSimulator.Build.0 = Ad-Hoc|iPhoneSimulator
		{322B9FB3-ECAB-4100-8D2E-91BE962D6B61}.Ad-Hoc|iPhoneSimulator.Deploy.0 = Ad-Hoc|iPhoneSimulator
		{322B9FB3-ECAB-4100-8D2E-91BE962D6B61}.AppStore|Any CPU.ActiveCfg = AppStore|iPhone
		{322B9FB3-ECAB-4100-8D2E-91BE962D6B61}.AppStore|Any CPU.Build.0 = AppStore|iPhone
		{322B9FB3-ECAB-4100-8D2E-91BE962D6B61}.AppStore|Any CPU.Deploy.0 = AppStore|iPhone
		{322B9FB3-ECAB-4100-8D2E-91BE962D6B61}.AppStore|iPhone.ActiveCfg = AppStore|iPhone
		{322B9FB3-ECAB-4100-8D2E-91BE962D6B61}.AppStore|iPhone.Build.0 = AppStore|iPhone
		{322B9FB3-ECAB-4100-8D2E-91BE962D6B61}.AppStore|iPhone.Deploy.0 = AppStore|iPhone
		{322B9FB3-ECAB-4100-8D2E-91BE962D6B61}.AppStore|iPhoneSimulator.ActiveCfg = AppStore|iPhoneSimulator
		{322B9FB3-ECAB-4100-8D2E-91BE962D6B61}.AppStore|iPhoneSimulator.Build.0 = AppStore|iPhoneSimulator
		{322B9FB3-ECAB-4100-8D2E-91BE962D6B61}.AppStore|iPhoneSimulator.Deploy.0 = AppStore|iPhoneSimulator
		{322B9FB3-ECAB-4100-8D2E-91BE962D6B61}.Debug|Any CPU.ActiveCfg = Debug|iPhoneSimulator
		{322B9FB3-ECAB-4100-8D2E-91BE962D6B61}.Debug|Any CPU.Build.0 = Debug|iPhoneSimulator
		{322B9FB3-ECAB-4100-8D2E-91BE962D6B61}.Debug|Any CPU.Deploy.0 = Debug|iPhoneSimulator
		{322B9FB3-ECAB-4100-8D2E-91BE962D6B61}.Debug|iPhone.ActiveCfg = Debug|iPhone
		{322B9FB3-ECAB-4100-8D2E-91BE962D6B61}.Debug|iPhone.Build.0 = Debug|iPhone
		{322B9FB3-ECAB-4100-8D2E-91BE962D6B61}.Debug|iPhone.Deploy.0 = Debug|iPhone
		{322B9FB3-ECAB-4100-8D2E-91BE962D6B61}.Debug|iPhoneSimulator.ActiveCfg = Debug|iPhoneSimulator
		{322B9FB3-ECAB-4100-8D2E-91BE962D6B61}.Debug|iPhoneSimulator.Build.0 = Debug|iPhoneSimulator
		{322B9FB3-ECAB-4100-8D2E-91BE962D6B61}.Debug|iPhoneSimulator.Deploy.0 = Debug|iPhoneSimulator
		{322B9FB3-ECAB-4100-8D2E-91BE962D6B61}.Release|Any CPU.ActiveCfg = Release|iPhone
		{322B9FB3-ECAB-4100-8D2E-91BE962D6B61}.Release|Any CPU.Build.0 = Release|iPhone
		{322B9FB3-ECAB-4100-8D2E-91BE962D6B61}.Release|Any CPU.Deploy.0 = Release|iPhone
		{322B9FB3-ECAB-4100-8D2E-91BE962D6B61}.Release|iPhone.ActiveCfg = Release|iPhone
		{322B9FB3-ECAB-4100-8D2E-91BE962D6B61}.Release|iPhone.Build.0 = Release|iPhone
		{322B9FB3-ECAB-4100-8D2E-91BE962D6B61}.Release|iPhone.Deploy.0 = Release|iPhone
		{322B9FB3-ECAB-4100-8D2E-91BE962D6B61}.Release|iPhoneSimulator.ActiveCfg = Release|iPhoneSimulator
		{322B9FB3-ECAB-4100-8D2E-91BE962D6B61}.Release|iPhoneSimulator.Build.0 = Release|iPhoneSimulator
		{322B9FB3-ECAB-4100-8D2E-91BE962D6B61}.Release|iPhoneSimulator.Deploy.0 = Release|iPhoneSimulator
		{4888DF67-B7D7-4C37-A9A4-FE2ED008EA82}.Ad-Hoc|Any CPU.ActiveCfg = Debug|Any CPU
		{4888DF67-B7D7-4C37-A9A4-FE2ED008EA82}.Ad-Hoc|Any CPU.Build.0 = Debug|Any CPU
		{4888DF67-B7D7-4C37-A9A4-FE2ED008EA82}.Ad-Hoc|Any CPU.Deploy.0 = Debug|Any CPU
		{4888DF67-B7D7-4C37-A9A4-FE2ED008EA82}.Ad-Hoc|iPhone.ActiveCfg = Debug|Any CPU
		{4888DF67-B7D7-4C37-A9A4-FE2ED008EA82}.Ad-Hoc|iPhone.Build.0 = Debug|Any CPU
		{4888DF67-B7D7-4C37-A9A4-FE2ED008EA82}.Ad-Hoc|iPhone.Deploy.0 = Debug|Any CPU
		{4888DF67-B7D7-4C37-A9A4-FE2ED008EA82}.Ad-Hoc|iPhoneSimulator.ActiveCfg = Debug|Any CPU
		{4888DF67-B7D7-4C37-A9A4-FE2ED008EA82}.Ad-Hoc|iPhoneSimulator.Build.0 = Debug|Any CPU
		{4888DF67-B7D7-4C37-A9A4-FE2ED008EA82}.Ad-Hoc|iPhoneSimulator.Deploy.0 = Debug|Any CPU
		{4888DF67-B7D7-4C37-A9A4-FE2ED008EA82}.AppStore|Any CPU.ActiveCfg = Debug|Any CPU
		{4888DF67-B7D7-4C37-A9A4-FE2ED008EA82}.AppStore|Any CPU.Build.0 = Debug|Any CPU
		{4888DF67-B7D7-4C37-A9A4-FE2ED008EA82}.AppStore|Any CPU.Deploy.0 = Debug|Any CPU
		{4888DF67-B7D7-4C37-A9A4-FE2ED008EA82}.AppStore|iPhone.ActiveCfg = Debug|Any CPU
		{4888DF67-B7D7-4C37-A9A4-FE2ED008EA82}.AppStore|iPhone.Build.0 = Debug|Any CPU
		{4888DF67-B7D7-4C37-A9A4-FE2ED008EA82}.AppStore|iPhone.Deploy.0 = Debug|Any CPU
		{4888DF67-B7D7-4C37-A9A4-FE2ED008EA82}.AppStore|iPhoneSimulator.ActiveCfg = Debug|Any CPU
		{4888DF67-B7D7-4C37-A9A4-FE2ED008EA82}.AppStore|iPhoneSimulator.Build.0 = Debug|Any CPU
		{4888DF67-B7D7-4C37-A9A4-FE2ED008EA82}.AppStore|iPhoneSimulator.Deploy.0 = Debug|Any CPU
		{4888DF67-B7D7-4C37-A9A4-FE2ED008EA82}.Debug|Any CPU.ActiveCfg = Debug|Any CPU
		{4888DF67-B7D7-4C37-A9A4-FE2ED008EA82}.Debug|Any CPU.Build.0 = Debug|Any CPU
		{4888DF67-B7D7-4C37-A9A4-FE2ED008EA82}.Debug|Any CPU.Deploy.0 = Debug|Any CPU
		{4888DF67-B7D7-4C37-A9A4-FE2ED008EA82}.Debug|iPhone.ActiveCfg = Debug|Any CPU
		{4888DF67-B7D7-4C37-A9A4-FE2ED008EA82}.Debug|iPhone.Build.0 = Debug|Any CPU
		{4888DF67-B7D7-4C37-A9A4-FE2ED008EA82}.Debug|iPhone.Deploy.0 = Debug|Any CPU
		{4888DF67-B7D7-4C37-A9A4-FE2ED008EA82}.Debug|iPhoneSimulator.ActiveCfg = Debug|Any CPU
		{4888DF67-B7D7-4C37-A9A4-FE2ED008EA82}.Debug|iPhoneSimulator.Build.0 = Debug|Any CPU
		{4888DF67-B7D7-4C37-A9A4-FE2ED008EA82}.Debug|iPhoneSimulator.Deploy.0 = Debug|Any CPU
		{4888DF67-B7D7-4C37-A9A4-FE2ED008EA82}.Release|Any CPU.ActiveCfg = Release|Any CPU
		{4888DF67-B7D7-4C37-A9A4-FE2ED008EA82}.Release|Any CPU.Build.0 = Release|Any CPU
		{4888DF67-B7D7-4C37-A9A4-FE2ED008EA82}.Release|Any CPU.Deploy.0 = Release|Any CPU
		{4888DF67-B7D7-4C37-A9A4-FE2ED008EA82}.Release|iPhone.ActiveCfg = Release|Any CPU
		{4888DF67-B7D7-4C37-A9A4-FE2ED008EA82}.Release|iPhone.Build.0 = Release|Any CPU
		{4888DF67-B7D7-4C37-A9A4-FE2ED008EA82}.Release|iPhone.Deploy.0 = Release|Any CPU
		{4888DF67-B7D7-4C37-A9A4-FE2ED008EA82}.Release|iPhoneSimulator.ActiveCfg = Release|Any CPU
		{4888DF67-B7D7-4C37-A9A4-FE2ED008EA82}.Release|iPhoneSimulator.Build.0 = Release|Any CPU
		{4888DF67-B7D7-4C37-A9A4-FE2ED008EA82}.Release|iPhoneSimulator.Deploy.0 = Release|Any CPU
		{DDE0843A-DF9C-4DB7-9EDA-51F6393A6E1D}.Ad-Hoc|Any CPU.ActiveCfg = Release|Any CPU
		{DDE0843A-DF9C-4DB7-9EDA-51F6393A6E1D}.Ad-Hoc|Any CPU.Build.0 = Release|Any CPU
		{DDE0843A-DF9C-4DB7-9EDA-51F6393A6E1D}.Ad-Hoc|iPhone.ActiveCfg = Release|Any CPU
		{DDE0843A-DF9C-4DB7-9EDA-51F6393A6E1D}.Ad-Hoc|iPhone.Build.0 = Release|Any CPU
		{DDE0843A-DF9C-4DB7-9EDA-51F6393A6E1D}.Ad-Hoc|iPhoneSimulator.ActiveCfg = Release|Any CPU
		{DDE0843A-DF9C-4DB7-9EDA-51F6393A6E1D}.Ad-Hoc|iPhoneSimulator.Build.0 = Release|Any CPU
		{DDE0843A-DF9C-4DB7-9EDA-51F6393A6E1D}.AppStore|Any CPU.ActiveCfg = Release|Any CPU
		{DDE0843A-DF9C-4DB7-9EDA-51F6393A6E1D}.AppStore|Any CPU.Build.0 = Release|Any CPU
		{DDE0843A-DF9C-4DB7-9EDA-51F6393A6E1D}.AppStore|iPhone.ActiveCfg = Release|Any CPU
		{DDE0843A-DF9C-4DB7-9EDA-51F6393A6E1D}.AppStore|iPhone.Build.0 = Release|Any CPU
		{DDE0843A-DF9C-4DB7-9EDA-51F6393A6E1D}.AppStore|iPhoneSimulator.ActiveCfg = Release|Any CPU
		{DDE0843A-DF9C-4DB7-9EDA-51F6393A6E1D}.AppStore|iPhoneSimulator.Build.0 = Release|Any CPU
		{DDE0843A-DF9C-4DB7-9EDA-51F6393A6E1D}.Debug|Any CPU.ActiveCfg = Debug|Any CPU
		{DDE0843A-DF9C-4DB7-9EDA-51F6393A6E1D}.Debug|Any CPU.Build.0 = Debug|Any CPU
		{DDE0843A-DF9C-4DB7-9EDA-51F6393A6E1D}.Debug|iPhone.ActiveCfg = Debug|Any CPU
		{DDE0843A-DF9C-4DB7-9EDA-51F6393A6E1D}.Debug|iPhone.Build.0 = Debug|Any CPU
		{DDE0843A-DF9C-4DB7-9EDA-51F6393A6E1D}.Debug|iPhoneSimulator.ActiveCfg = Debug|Any CPU
		{DDE0843A-DF9C-4DB7-9EDA-51F6393A6E1D}.Debug|iPhoneSimulator.Build.0 = Debug|Any CPU
		{DDE0843A-DF9C-4DB7-9EDA-51F6393A6E1D}.Release|Any CPU.ActiveCfg = Release|Any CPU
		{DDE0843A-DF9C-4DB7-9EDA-51F6393A6E1D}.Release|Any CPU.Build.0 = Release|Any CPU
		{DDE0843A-DF9C-4DB7-9EDA-51F6393A6E1D}.Release|iPhone.ActiveCfg = Release|Any CPU
		{DDE0843A-DF9C-4DB7-9EDA-51F6393A6E1D}.Release|iPhone.Build.0 = Release|Any CPU
		{DDE0843A-DF9C-4DB7-9EDA-51F6393A6E1D}.Release|iPhoneSimulator.ActiveCfg = Release|Any CPU
		{DDE0843A-DF9C-4DB7-9EDA-51F6393A6E1D}.Release|iPhoneSimulator.Build.0 = Release|Any CPU
		{23672A27-7660-469C-9686-2245CAF2487F}.Ad-Hoc|Any CPU.ActiveCfg = Release|Any CPU
		{23672A27-7660-469C-9686-2245CAF2487F}.Ad-Hoc|Any CPU.Build.0 = Release|Any CPU
		{23672A27-7660-469C-9686-2245CAF2487F}.Ad-Hoc|iPhone.ActiveCfg = Release|Any CPU
		{23672A27-7660-469C-9686-2245CAF2487F}.Ad-Hoc|iPhone.Build.0 = Release|Any CPU
		{23672A27-7660-469C-9686-2245CAF2487F}.Ad-Hoc|iPhoneSimulator.ActiveCfg = Release|Any CPU
		{23672A27-7660-469C-9686-2245CAF2487F}.Ad-Hoc|iPhoneSimulator.Build.0 = Release|Any CPU
		{23672A27-7660-469C-9686-2245CAF2487F}.AppStore|Any CPU.ActiveCfg = Release|Any CPU
		{23672A27-7660-469C-9686-2245CAF2487F}.AppStore|Any CPU.Build.0 = Release|Any CPU
		{23672A27-7660-469C-9686-2245CAF2487F}.AppStore|iPhone.ActiveCfg = Release|Any CPU
		{23672A27-7660-469C-9686-2245CAF2487F}.AppStore|iPhone.Build.0 = Release|Any CPU
		{23672A27-7660-469C-9686-2245CAF2487F}.AppStore|iPhoneSimulator.ActiveCfg = Release|Any CPU
		{23672A27-7660-469C-9686-2245CAF2487F}.AppStore|iPhoneSimulator.Build.0 = Release|Any CPU
		{23672A27-7660-469C-9686-2245CAF2487F}.Debug|Any CPU.ActiveCfg = Debug|Any CPU
		{23672A27-7660-469C-9686-2245CAF2487F}.Debug|Any CPU.Build.0 = Debug|Any CPU
		{23672A27-7660-469C-9686-2245CAF2487F}.Debug|iPhone.ActiveCfg = Debug|Any CPU
		{23672A27-7660-469C-9686-2245CAF2487F}.Debug|iPhone.Build.0 = Debug|Any CPU
		{23672A27-7660-469C-9686-2245CAF2487F}.Debug|iPhoneSimulator.ActiveCfg = Debug|Any CPU
		{23672A27-7660-469C-9686-2245CAF2487F}.Debug|iPhoneSimulator.Build.0 = Debug|Any CPU
		{23672A27-7660-469C-9686-2245CAF2487F}.Release|Any CPU.ActiveCfg = Release|Any CPU
		{23672A27-7660-469C-9686-2245CAF2487F}.Release|Any CPU.Build.0 = Release|Any CPU
		{23672A27-7660-469C-9686-2245CAF2487F}.Release|iPhone.ActiveCfg = Release|Any CPU
		{23672A27-7660-469C-9686-2245CAF2487F}.Release|iPhone.Build.0 = Release|Any CPU
		{23672A27-7660-469C-9686-2245CAF2487F}.Release|iPhoneSimulator.ActiveCfg = Release|Any CPU
		{23672A27-7660-469C-9686-2245CAF2487F}.Release|iPhoneSimulator.Build.0 = Release|Any CPU
		{C6506D39-CCB4-43BA-86AB-AAB090C226DD}.Ad-Hoc|Any CPU.ActiveCfg = Release|Any CPU
		{C6506D39-CCB4-43BA-86AB-AAB090C226DD}.Ad-Hoc|Any CPU.Build.0 = Release|Any CPU
		{C6506D39-CCB4-43BA-86AB-AAB090C226DD}.Ad-Hoc|iPhone.ActiveCfg = Release|Any CPU
		{C6506D39-CCB4-43BA-86AB-AAB090C226DD}.Ad-Hoc|iPhone.Build.0 = Release|Any CPU
		{C6506D39-CCB4-43BA-86AB-AAB090C226DD}.Ad-Hoc|iPhoneSimulator.ActiveCfg = Release|Any CPU
		{C6506D39-CCB4-43BA-86AB-AAB090C226DD}.Ad-Hoc|iPhoneSimulator.Build.0 = Release|Any CPU
		{C6506D39-CCB4-43BA-86AB-AAB090C226DD}.AppStore|Any CPU.ActiveCfg = Release|Any CPU
		{C6506D39-CCB4-43BA-86AB-AAB090C226DD}.AppStore|Any CPU.Build.0 = Release|Any CPU
		{C6506D39-CCB4-43BA-86AB-AAB090C226DD}.AppStore|iPhone.ActiveCfg = Release|Any CPU
		{C6506D39-CCB4-43BA-86AB-AAB090C226DD}.AppStore|iPhone.Build.0 = Release|Any CPU
		{C6506D39-CCB4-43BA-86AB-AAB090C226DD}.AppStore|iPhoneSimulator.ActiveCfg = Release|Any CPU
		{C6506D39-CCB4-43BA-86AB-AAB090C226DD}.AppStore|iPhoneSimulator.Build.0 = Release|Any CPU
		{C6506D39-CCB4-43BA-86AB-AAB090C226DD}.Debug|Any CPU.ActiveCfg = Debug|Any CPU
		{C6506D39-CCB4-43BA-86AB-AAB090C226DD}.Debug|Any CPU.Build.0 = Debug|Any CPU
		{C6506D39-CCB4-43BA-86AB-AAB090C226DD}.Debug|iPhone.ActiveCfg = Debug|Any CPU
		{C6506D39-CCB4-43BA-86AB-AAB090C226DD}.Debug|iPhone.Build.0 = Debug|Any CPU
		{C6506D39-CCB4-43BA-86AB-AAB090C226DD}.Debug|iPhoneSimulator.ActiveCfg = Debug|Any CPU
		{C6506D39-CCB4-43BA-86AB-AAB090C226DD}.Debug|iPhoneSimulator.Build.0 = Debug|Any CPU
		{C6506D39-CCB4-43BA-86AB-AAB090C226DD}.Release|Any CPU.ActiveCfg = Release|Any CPU
		{C6506D39-CCB4-43BA-86AB-AAB090C226DD}.Release|Any CPU.Build.0 = Release|Any CPU
		{C6506D39-CCB4-43BA-86AB-AAB090C226DD}.Release|iPhone.ActiveCfg = Release|Any CPU
		{C6506D39-CCB4-43BA-86AB-AAB090C226DD}.Release|iPhone.Build.0 = Release|Any CPU
		{C6506D39-CCB4-43BA-86AB-AAB090C226DD}.Release|iPhoneSimulator.ActiveCfg = Release|Any CPU
		{C6506D39-CCB4-43BA-86AB-AAB090C226DD}.Release|iPhoneSimulator.Build.0 = Release|Any CPU
	EndGlobalSection
	GlobalSection(SolutionProperties) = preSolution
		HideSolutionNode = FALSE
	EndGlobalSection
	GlobalSection(ExtensibilityGlobals) = postSolution
		SolutionGuid = {66B1B042-C430-42EF-B665-114368CC6491}
	EndGlobalSection
EndGlobal
